
Microsoft Visual Studio Solution File, Format Version 12.00
# Visual Studio Version 17
VisualStudioVersion = 17.8.34330.188
MinimumVisualStudioVersion = 10.0.40219.1
Project("{FAE04EC0-301F-11D3-BF4B-00C04F79EFBC}") = "AMDotNetTraningBatch3.ConsoleApp", "AMDotNetTraningBatch3.ConsoleApp\AMDotNetTraningBatch3.ConsoleApp.csproj", "{D7D2E024-0D8F-4E08-A0C4-29CECDD4E17C}"
EndProject
Global
	GlobalSection(SolutionConfigurationPlatforms) = preSolution
		Debug|Any CPU = Debug|Any CPU
		Release|Any CPU = Release|Any CPU
	EndGlobalSection
	GlobalSection(ProjectConfigurationPlatforms) = postSolution
		{D7D2E024-0D8F-4E08-A0C4-29CECDD4E17C}.Debug|Any CPU.ActiveCfg = Debug|Any CPU
		{D7D2E024-0D8F-4E08-A0C4-29CECDD4E17C}.Debug|Any CPU.Build.0 = Debug|Any CPU
		{D7D2E024-0D8F-4E08-A0C4-29CECDD4E17C}.Release|Any CPU.ActiveCfg = Release|Any CPU
		{D7D2E024-0D8F-4E08-A0C4-29CECDD4E17C}.Release|Any CPU.Build.0 = Release|Any CPU
	EndGlobalSection
	GlobalSection(SolutionProperties) = preSolution
		HideSolutionNode = FALSE
	EndGlobalSection
	GlobalSection(ExtensibilityGlobals) = postSolution
		SolutionGuid = {6725E564-B822-4C3A-AAEB-7AA977C20B67}
	EndGlobalSection
EndGlobal
